// !$*UTF8*$!
{
	archiveVersion = 1;
	classes = {
	};
	objectVersion = 56;
	objects = {

/* Begin PBXBuildFile section */
		E345F8002BD8823900D912DD /* server-response.json in Resources */ = {isa = PBXBuildFile; fileRef = E345F7FF2BD8823900D912DD /* server-response.json */; };
		E345F8022BD8826D00D912DD /* DecodableData.swift in Sources */ = {isa = PBXBuildFile; fileRef = E345F8012BD8826D00D912DD /* DecodableData.swift */; };
		E345F8042BD8827800D912DD /* TiposDeViagens.swift in Sources */ = {isa = PBXBuildFile; fileRef = E345F8032BD8827800D912DD /* TiposDeViagens.swift */; };
		E345F8062BD8828100D912DD /* Viagem.swift in Sources */ = {isa = PBXBuildFile; fileRef = E345F8052BD8828100D912DD /* Viagem.swift */; };
		E345F8092BD882A200D912DD /* UIView+Extension.swift in Sources */ = {isa = PBXBuildFile; fileRef = E345F8082BD882A200D912DD /* UIView+Extension.swift */; };
		E345F80B2BD8833A00D912DD /* ViagemViewModel.swift in Sources */ = {isa = PBXBuildFile; fileRef = E345F80A2BD8833A00D912DD /* ViagemViewModel.swift */; };
		E345F80D2BD884DD00D912DD /* ViagemDestaqueViewModel.swift in Sources */ = {isa = PBXBuildFile; fileRef = E345F80C2BD884DD00D912DD /* ViagemDestaqueViewModel.swift */; };
		E3A302202BC1A25B006995FD /* AppDelegate.swift in Sources */ = {isa = PBXBuildFile; fileRef = E3A3021F2BC1A25B006995FD /* AppDelegate.swift */; };
		E3A302222BC1A25B006995FD /* SceneDelegate.swift in Sources */ = {isa = PBXBuildFile; fileRef = E3A302212BC1A25B006995FD /* SceneDelegate.swift */; };
		E3A302242BC1A25B006995FD /* ViewController.swift in Sources */ = {isa = PBXBuildFile; fileRef = E3A302232BC1A25B006995FD /* ViewController.swift */; };
		E3A302272BC1A25B006995FD /* Base in Resources */ = {isa = PBXBuildFile; fileRef = E3A302262BC1A25B006995FD /* Base */; };
		E3A302292BC1A25B006995FD /* Assets.xcassets in Resources */ = {isa = PBXBuildFile; fileRef = E3A302282BC1A25B006995FD /* Assets.xcassets */; };
		E3A3022C2BC1A25B006995FD /* Base in Resources */ = {isa = PBXBuildFile; fileRef = E3A3022B2BC1A25B006995FD /* Base */; };
		E3A302342BC1B873006995FD /* HomeTableViewHeader.xib in Resources */ = {isa = PBXBuildFile; fileRef = E3A302332BC1B873006995FD /* HomeTableViewHeader.xib */; };
		E3A302362BC1BCD6006995FD /* HomeTableViewHeader.swift in Sources */ = {isa = PBXBuildFile; fileRef = E3A302352BC1BCD6006995FD /* HomeTableViewHeader.swift */; };
		E3F2ED422BD73C3100544FE6 /* ViagemTableViewCell.swift in Sources */ = {isa = PBXBuildFile; fileRef = E3F2ED402BD73C3100544FE6 /* ViagemTableViewCell.swift */; };
		E3F2ED432BD73C3100544FE6 /* ViagemTableViewCell.xib in Resources */ = {isa = PBXBuildFile; fileRef = E3F2ED412BD73C3100544FE6 /* ViagemTableViewCell.xib */; };
/* End PBXBuildFile section */

/* Begin PBXFileReference section */
		E345F7FF2BD8823900D912DD /* server-response.json */ = {isa = PBXFileReference; fileEncoding = 4; lastKnownFileType = text.json; name = "server-response.json"; path = "../../../../../Downloads/Arquivos Swift/arquivos/server-response.json"; sourceTree = "<group>"; };
		E345F8012BD8826D00D912DD /* DecodableData.swift */ = {isa = PBXFileReference; fileEncoding = 4; lastKnownFileType = sourcecode.swift; name = DecodableData.swift; path = "../../../../../Downloads/Arquivos Swift/arquivos/DecodableData.swift"; sourceTree = "<group>"; };
		E345F8032BD8827800D912DD /* TiposDeViagens.swift */ = {isa = PBXFileReference; fileEncoding = 4; lastKnownFileType = sourcecode.swift; name = TiposDeViagens.swift; path = "../../../../../Downloads/Arquivos Swift/arquivos/TiposDeViagens.swift"; sourceTree = "<group>"; };
		E345F8052BD8828100D912DD /* Viagem.swift */ = {isa = PBXFileReference; fileEncoding = 4; lastKnownFileType = sourcecode.swift; name = Viagem.swift; path = "../../../../../Downloads/Arquivos Swift/arquivos/Viagem.swift"; sourceTree = "<group>"; };
		E345F8082BD882A200D912DD /* UIView+Extension.swift */ = {isa = PBXFileReference; fileEncoding = 4; lastKnownFileType = sourcecode.swift; name = "UIView+Extension.swift"; path = "../../../../../Downloads/Arquivos Swift/arquivos/UIView+Extension.swift"; sourceTree = "<group>"; };
		E345F80A2BD8833A00D912DD /* ViagemViewModel.swift */ = {isa = PBXFileReference; lastKnownFileType = sourcecode.swift; path = ViagemViewModel.swift; sourceTree = "<group>"; };
		E345F80C2BD884DD00D912DD /* ViagemDestaqueViewModel.swift */ = {isa = PBXFileReference; lastKnownFileType = sourcecode.swift; path = ViagemDestaqueViewModel.swift; sourceTree = "<group>"; };
		E3A3021C2BC1A25B006995FD /* AluraViagens.app */ = {isa = PBXFileReference; explicitFileType = wrapper.application; includeInIndex = 0; path = AluraViagens.app; sourceTree = BUILT_PRODUCTS_DIR; };
		E3A3021F2BC1A25B006995FD /* AppDelegate.swift */ = {isa = PBXFileReference; lastKnownFileType = sourcecode.swift; path = AppDelegate.swift; sourceTree = "<group>"; };
		E3A302212BC1A25B006995FD /* SceneDelegate.swift */ = {isa = PBXFileReference; lastKnownFileType = sourcecode.swift; path = SceneDelegate.swift; sourceTree = "<group>"; };
		E3A302232BC1A25B006995FD /* ViewController.swift */ = {isa = PBXFileReference; lastKnownFileType = sourcecode.swift; path = ViewController.swift; sourceTree = "<group>"; };
		E3A302262BC1A25B006995FD /* Base */ = {isa = PBXFileReference; lastKnownFileType = file.storyboard; name = Base; path = Base.lproj/Main.storyboard; sourceTree = "<group>"; };
		E3A302282BC1A25B006995FD /* Assets.xcassets */ = {isa = PBXFileReference; lastKnownFileType = folder.assetcatalog; path = Assets.xcassets; sourceTree = "<group>"; };
		E3A3022B2BC1A25B006995FD /* Base */ = {isa = PBXFileReference; lastKnownFileType = file.storyboard; name = Base; path = Base.lproj/LaunchScreen.storyboard; sourceTree = "<group>"; };
		E3A3022D2BC1A25B006995FD /* Info.plist */ = {isa = PBXFileReference; lastKnownFileType = text.plist.xml; path = Info.plist; sourceTree = "<group>"; };
		E3A302332BC1B873006995FD /* HomeTableViewHeader.xib */ = {isa = PBXFileReference; lastKnownFileType = file.xib; path = HomeTableViewHeader.xib; sourceTree = "<group>"; };
		E3A302352BC1BCD6006995FD /* HomeTableViewHeader.swift */ = {isa = PBXFileReference; lastKnownFileType = sourcecode.swift; path = HomeTableViewHeader.swift; sourceTree = "<group>"; };
		E3F2ED402BD73C3100544FE6 /* ViagemTableViewCell.swift */ = {isa = PBXFileReference; lastKnownFileType = sourcecode.swift; path = ViagemTableViewCell.swift; sourceTree = "<group>"; };
		E3F2ED412BD73C3100544FE6 /* ViagemTableViewCell.xib */ = {isa = PBXFileReference; lastKnownFileType = file.xib; path = ViagemTableViewCell.xib; sourceTree = "<group>"; };
/* End PBXFileReference section */

/* Begin PBXFrameworksBuildPhase section */
		E3A302192BC1A25B006995FD /* Frameworks */ = {
			isa = PBXFrameworksBuildPhase;
			buildActionMask = 2147483647;
			files = (
			);
			runOnlyForDeploymentPostprocessing = 0;
		};
/* End PBXFrameworksBuildPhase section */

/* Begin PBXGroup section */
		E345F7FE2BD881D300D912DD /* Mock */ = {
			isa = PBXGroup;
			children = (
				E345F7FF2BD8823900D912DD /* server-response.json */,
			);
			path = Mock;
			sourceTree = "<group>";
		};
		E345F8072BD8828C00D912DD /* Extensions */ = {
			isa = PBXGroup;
			children = (
				E345F8082BD882A200D912DD /* UIView+Extension.swift */,
			);
			path = Extensions;
			sourceTree = "<group>";
		};
		E35848B32BD5DD51002E9D44 /* AppDelegate */ = {
			isa = PBXGroup;
			children = (
				E3A3021F2BC1A25B006995FD /* AppDelegate.swift */,
				E3A302212BC1A25B006995FD /* SceneDelegate.swift */,
			);
			path = AppDelegate;
			sourceTree = "<group>";
		};
		E35848B42BD5DD86002E9D44 /* Model */ = {
			isa = PBXGroup;
			children = (
				E345F8012BD8826D00D912DD /* DecodableData.swift */,
				E345F8032BD8827800D912DD /* TiposDeViagens.swift */,
				E345F8052BD8828100D912DD /* Viagem.swift */,
			);
			path = Model;
			sourceTree = "<group>";
		};
		E35848B52BD5DDC2002E9D44 /* View */ = {
			isa = PBXGroup;
			children = (
				E3A302232BC1A25B006995FD /* ViewController.swift */,
				E3A302252BC1A25B006995FD /* Main.storyboard */,
				E35848B62BD5DE04002E9D44 /* Header */,
				E3F2ED3F2BD73BF300544FE6 /* Cells */,
			);
			path = View;
			sourceTree = "<group>";
		};
		E35848B62BD5DE04002E9D44 /* Header */ = {
			isa = PBXGroup;
			children = (
				E3A302332BC1B873006995FD /* HomeTableViewHeader.xib */,
				E3A302352BC1BCD6006995FD /* HomeTableViewHeader.swift */,
			);
			path = Header;
			sourceTree = "<group>";
		};
		E35848B72BD5DE1A002E9D44 /* ViewModel */ = {
			isa = PBXGroup;
			children = (
				E345F80A2BD8833A00D912DD /* ViagemViewModel.swift */,
				E345F80C2BD884DD00D912DD /* ViagemDestaqueViewModel.swift */,
			);
			path = ViewModel;
			sourceTree = "<group>";
		};
		E3A302132BC1A25B006995FD = {
			isa = PBXGroup;
			children = (
				E3A3021E2BC1A25B006995FD /* AluraViagens */,
				E3A3021D2BC1A25B006995FD /* Products */,
			);
			sourceTree = "<group>";
		};
		E3A3021D2BC1A25B006995FD /* Products */ = {
			isa = PBXGroup;
			children = (
				E3A3021C2BC1A25B006995FD /* AluraViagens.app */,
			);
			name = Products;
			sourceTree = "<group>";
		};
		E3A3021E2BC1A25B006995FD /* AluraViagens */ = {
			isa = PBXGroup;
			children = (
				E35848B32BD5DD51002E9D44 /* AppDelegate */,
				E35848B42BD5DD86002E9D44 /* Model */,
				E35848B52BD5DDC2002E9D44 /* View */,
				E35848B72BD5DE1A002E9D44 /* ViewModel */,
				E345F8072BD8828C00D912DD /* Extensions */,
				E3A302282BC1A25B006995FD /* Assets.xcassets */,
				E345F7FE2BD881D300D912DD /* Mock */,
				E3A3022A2BC1A25B006995FD /* LaunchScreen.storyboard */,
				E3A3022D2BC1A25B006995FD /* Info.plist */,
			);
			path = AluraViagens;
			sourceTree = "<group>";
		};
		E3F2ED3F2BD73BF300544FE6 /* Cells */ = {
			isa = PBXGroup;
			children = (
				E3F2ED402BD73C3100544FE6 /* ViagemTableViewCell.swift */,
				E3F2ED412BD73C3100544FE6 /* ViagemTableViewCell.xib */,
			);
			path = Cells;
			sourceTree = "<group>";
		};
/* End PBXGroup section */

/* Begin PBXNativeTarget section */
		E3A3021B2BC1A25B006995FD /* AluraViagens */ = {
			isa = PBXNativeTarget;
			buildConfigurationList = E3A302302BC1A25B006995FD /* Build configuration list for PBXNativeTarget "AluraViagens" */;
			buildPhases = (
				E3A302182BC1A25B006995FD /* Sources */,
				E3A302192BC1A25B006995FD /* Frameworks */,
				E3A3021A2BC1A25B006995FD /* Resources */,
			);
			buildRules = (
			);
			dependencies = (
			);
			name = AluraViagens;
			productName = AluraViagens;
			productReference = E3A3021C2BC1A25B006995FD /* AluraViagens.app */;
			productType = "com.apple.product-type.application";
		};
/* End PBXNativeTarget section */

/* Begin PBXProject section */
		E3A302142BC1A25B006995FD /* Project object */ = {
			isa = PBXProject;
			attributes = {
				BuildIndependentTargetsInParallel = 1;
				LastSwiftUpdateCheck = 1530;
				LastUpgradeCheck = 1530;
				TargetAttributes = {
					E3A3021B2BC1A25B006995FD = {
						CreatedOnToolsVersion = 15.3;
					};
				};
			};
			buildConfigurationList = E3A302172BC1A25B006995FD /* Build configuration list for PBXProject "AluraViagens" */;
			compatibilityVersion = "Xcode 14.0";
			developmentRegion = en;
			hasScannedForEncodings = 0;
			knownRegions = (
				en,
				Base,
			);
			mainGroup = E3A302132BC1A25B006995FD;
			productRefGroup = E3A3021D2BC1A25B006995FD /* Products */;
			projectDirPath = "";
			projectRoot = "";
			targets = (
				E3A3021B2BC1A25B006995FD /* AluraViagens */,
			);
		};
/* End PBXProject section */

/* Begin PBXResourcesBuildPhase section */
		E3A3021A2BC1A25B006995FD /* Resources */ = {
			isa = PBXResourcesBuildPhase;
			buildActionMask = 2147483647;
			files = (
				E3A302292BC1A25B006995FD /* Assets.xcassets in Resources */,
				E345F8002BD8823900D912DD /* server-response.json in Resources */,
				E3A302342BC1B873006995FD /* HomeTableViewHeader.xib in Resources */,
				E3A3022C2BC1A25B006995FD /* Base in Resources */,
				E3A302272BC1A25B006995FD /* Base in Resources */,
				E3F2ED432BD73C3100544FE6 /* ViagemTableViewCell.xib in Resources */,
			);
			runOnlyForDeploymentPostprocessing = 0;
		};
/* End PBXResourcesBuildPhase section */

/* Begin PBXSourcesBuildPhase section */
		E3A302182BC1A25B006995FD /* Sources */ = {
			isa = PBXSourcesBuildPhase;
			buildActionMask = 2147483647;
			files = (
				E345F8062BD8828100D912DD /* Viagem.swift in Sources */,
				E3A302242BC1A25B006995FD /* ViewController.swift in Sources */,
				E3F2ED422BD73C3100544FE6 /* ViagemTableViewCell.swift in Sources */,
				E345F8092BD882A200D912DD /* UIView+Extension.swift in Sources */,
				E345F8042BD8827800D912DD /* TiposDeViagens.swift in Sources */,
				E3A302362BC1BCD6006995FD /* HomeTableViewHeader.swift in Sources */,
				E345F8022BD8826D00D912DD /* DecodableData.swift in Sources */,
				E3A302202BC1A25B006995FD /* AppDelegate.swift in Sources */,
				E3A302222BC1A25B006995FD /* SceneDelegate.swift in Sources */,
				E345F80B2BD8833A00D912DD /* ViagemViewModel.swift in Sources */,
				E345F80D2BD884DD00D912DD /* ViagemDestaqueViewModel.swift in Sources */,
			);
			runOnlyForDeploymentPostprocessing = 0;
		};
/* End PBXSourcesBuildPhase section */

/* Begin PBXVariantGroup section */
		E3A302252BC1A25B006995FD /* Main.storyboard */ = {
			isa = PBXVariantGroup;
			children = (
				E3A302262BC1A25B006995FD /* Base */,
			);
			name = Main.storyboard;
			sourceTree = "<group>";
		};
		E3A3022A2BC1A25B006995FD /* LaunchScreen.storyboard */ = {
			isa = PBXVariantGroup;
			children = (
				E3A3022B2BC1A25B006995FD /* Base */,
			);
			name = LaunchScreen.storyboard;
			sourceTree = "<group>";
		};
/* End PBXVariantGroup section */

/* Begin XCBuildConfiguration section */
		E3A3022E2BC1A25B006995FD /* Debug */ = {
			isa = XCBuildConfiguration;
			buildSettings = {
				ALWAYS_SEARCH_USER_PATHS = NO;
				ASSETCATALOG_COMPILER_GENERATE_SWIFT_ASSET_SYMBOL_EXTENSIONS = YES;
				CLANG_ANALYZER_NONNULL = YES;
				CLANG_ANALYZER_NUMBER_OBJECT_CONVERSION = YES_AGGRESSIVE;
				CLANG_CXX_LANGUAGE_STANDARD = "gnu++20";
				CLANG_ENABLE_MODULES = YES;
				CLANG_ENABLE_OBJC_ARC = YES;
				CLANG_ENABLE_OBJC_WEAK = YES;
				CLANG_WARN_BLOCK_CAPTURE_AUTORELEASING = YES;
				CLANG_WARN_BOOL_CONVERSION = YES;
				CLANG_WARN_COMMA = YES;
				CLANG_WARN_CONSTANT_CONVERSION = YES;
				CLANG_WARN_DEPRECATED_OBJC_IMPLEMENTATIONS = YES;
				CLANG_WARN_DIRECT_OBJC_ISA_USAGE = YES_ERROR;
				CLANG_WARN_DOCUMENTATION_COMMENTS = YES;
				CLANG_WARN_EMPTY_BODY = YES;
				CLANG_WARN_ENUM_CONVERSION = YES;
				CLANG_WARN_INFINITE_RECURSION = YES;
				CLANG_WARN_INT_CONVERSION = YES;
				CLANG_WARN_NON_LITERAL_NULL_CONVERSION = YES;
				CLANG_WARN_OBJC_IMPLICIT_RETAIN_SELF = YES;
				CLANG_WARN_OBJC_LITERAL_CONVERSION = YES;
				CLANG_WARN_OBJC_ROOT_CLASS = YES_ERROR;
				CLANG_WARN_QUOTED_INCLUDE_IN_FRAMEWORK_HEADER = YES;
				CLANG_WARN_RANGE_LOOP_ANALYSIS = YES;
				CLANG_WARN_STRICT_PROTOTYPES = YES;
				CLANG_WARN_SUSPICIOUS_MOVE = YES;
				CLANG_WARN_UNGUARDED_AVAILABILITY = YES_AGGRESSIVE;
				CLANG_WARN_UNREACHABLE_CODE = YES;
				CLANG_WARN__DUPLICATE_METHOD_MATCH = YES;
				COPY_PHASE_STRIP = NO;
				DEBUG_INFORMATION_FORMAT = dwarf;
				ENABLE_STRICT_OBJC_MSGSEND = YES;
				ENABLE_TESTABILITY = YES;
				ENABLE_USER_SCRIPT_SANDBOXING = YES;
				GCC_C_LANGUAGE_STANDARD = gnu17;
				GCC_DYNAMIC_NO_PIC = NO;
				GCC_NO_COMMON_BLOCKS = YES;
				GCC_OPTIMIZATION_LEVEL = 0;
				GCC_PREPROCESSOR_DEFINITIONS = (
					"DEBUG=1",
					"$(inherited)",
				);
				GCC_WARN_64_TO_32_BIT_CONVERSION = YES;
				GCC_WARN_ABOUT_RETURN_TYPE = YES_ERROR;
				GCC_WARN_UNDECLARED_SELECTOR = YES;
				GCC_WARN_UNINITIALIZED_AUTOS = YES_AGGRESSIVE;
				GCC_WARN_UNUSED_FUNCTION = YES;
				GCC_WARN_UNUSED_VARIABLE = YES;
				IPHONEOS_DEPLOYMENT_TARGET = 17.4;
				LOCALIZATION_PREFERS_STRING_CATALOGS = YES;
				MTL_ENABLE_DEBUG_INFO = INCLUDE_SOURCE;
				MTL_FAST_MATH = YES;
				ONLY_ACTIVE_ARCH = YES;
				SDKROOT = iphoneos;
				SWIFT_ACTIVE_COMPILATION_CONDITIONS = "DEBUG $(inherited)";
				SWIFT_OPTIMIZATION_LEVEL = "-Onone";
			};
			name = Debug;
		};
		E3A3022F2BC1A25B006995FD /* Release */ = {
			isa = XCBuildConfiguration;
			buildSettings = {
				ALWAYS_SEARCH_USER_PATHS = NO;
				ASSETCATALOG_COMPILER_GENERATE_SWIFT_ASSET_SYMBOL_EXTENSIONS = YES;
				CLANG_ANALYZER_NONNULL = YES;
				CLANG_ANALYZER_NUMBER_OBJECT_CONVERSION = YES_AGGRESSIVE;
				CLANG_CXX_LANGUAGE_STANDARD = "gnu++20";
				CLANG_ENABLE_MODULES = YES;
				CLANG_ENABLE_OBJC_ARC = YES;
				CLANG_ENABLE_OBJC_WEAK = YES;
				CLANG_WARN_BLOCK_CAPTURE_AUTORELEASING = YES;
				CLANG_WARN_BOOL_CONVERSION = YES;
				CLANG_WARN_COMMA = YES;
				CLANG_WARN_CONSTANT_CONVERSION = YES;
				CLANG_WARN_DEPRECATED_OBJC_IMPLEMENTATIONS = YES;
				CLANG_WARN_DIRECT_OBJC_ISA_USAGE = YES_ERROR;
				CLANG_WARN_DOCUMENTATION_COMMENTS = YES;
				CLANG_WARN_EMPTY_BODY = YES;
				CLANG_WARN_ENUM_CONVERSION = YES;
				CLANG_WARN_INFINITE_RECURSION = YES;
				CLANG_WARN_INT_CONVERSION = YES;
				CLANG_WARN_NON_LITERAL_NULL_CONVERSION = YES;
				CLANG_WARN_OBJC_IMPLICIT_RETAIN_SELF = YES;
				CLANG_WARN_OBJC_LITERAL_CONVERSION = YES;
				CLANG_WARN_OBJC_ROOT_CLASS = YES_ERROR;
				CLANG_WARN_QUOTED_INCLUDE_IN_FRAMEWORK_HEADER = YES;
				CLANG_WARN_RANGE_LOOP_ANALYSIS = YES;
				CLANG_WARN_STRICT_PROTOTYPES = YES;
				CLANG_WARN_SUSPICIOUS_MOVE = YES;
				CLANG_WARN_UNGUARDED_AVAILABILITY = YES_AGGRESSIVE;
				CLANG_WARN_UNREACHABLE_CODE = YES;
				CLANG_WARN__DUPLICATE_METHOD_MATCH = YES;
				COPY_PHASE_STRIP = NO;
				DEBUG_INFORMATION_FORMAT = "dwarf-with-dsym";
				ENABLE_NS_ASSERTIONS = NO;
				ENABLE_STRICT_OBJC_MSGSEND = YES;
				ENABLE_USER_SCRIPT_SANDBOXING = YES;
				GCC_C_LANGUAGE_STANDARD = gnu17;
				GCC_NO_COMMON_BLOCKS = YES;
				GCC_WARN_64_TO_32_BIT_CONVERSION = YES;
				GCC_WARN_ABOUT_RETURN_TYPE = YES_ERROR;
				GCC_WARN_UNDECLARED_SELECTOR = YES;
				GCC_WARN_UNINITIALIZED_AUTOS = YES_AGGRESSIVE;
				GCC_WARN_UNUSED_FUNCTION = YES;
				GCC_WARN_UNUSED_VARIABLE = YES;
				IPHONEOS_DEPLOYMENT_TARGET = 17.4;
				LOCALIZATION_PREFERS_STRING_CATALOGS = YES;
				MTL_ENABLE_DEBUG_INFO = NO;
				MTL_FAST_MATH = YES;
				SDKROOT = iphoneos;
				SWIFT_COMPILATION_MODE = wholemodule;
				VALIDATE_PRODUCT = YES;
			};
			name = Release;
		};
		E3A302312BC1A25B006995FD /* Debug */ = {
			isa = XCBuildConfiguration;
			buildSettings = {
				ASSETCATALOG_COMPILER_APPICON_NAME = AppIcon;
				ASSETCATALOG_COMPILER_GLOBAL_ACCENT_COLOR_NAME = AccentColor;
				CODE_SIGN_STYLE = Automatic;
				CURRENT_PROJECT_VERSION = 1;
				GENERATE_INFOPLIST_FILE = YES;
				INFOPLIST_FILE = AluraViagens/Info.plist;
				INFOPLIST_KEY_UIApplicationSupportsIndirectInputEvents = YES;
				INFOPLIST_KEY_UILaunchStoryboardName = LaunchScreen;
				INFOPLIST_KEY_UIMainStoryboardFile = Main;
				INFOPLIST_KEY_UISupportedInterfaceOrientations_iPad = "UIInterfaceOrientationPortrait UIInterfaceOrientationPortraitUpsideDown UIInterfaceOrientationLandscapeLeft UIInterfaceOrientationLandscapeRight";
				INFOPLIST_KEY_UISupportedInterfaceOrientations_iPhone = "UIInterfaceOrientationPortrait UIInterfaceOrientationLandscapeLeft UIInterfaceOrientationLandscapeRight";
				LD_RUNPATH_SEARCH_PATHS = (
					"$(inherited)",
					"@executable_path/Frameworks",
				);
				MARKETING_VERSION = 1.0;
				PRODUCT_BUNDLE_IDENTIFIER = "Simple-Code.AluraViagens";
				PRODUCT_NAME = "$(TARGET_NAME)";
				SWIFT_EMIT_LOC_STRINGS = YES;
				SWIFT_VERSION = 5.0;
				TARGETED_DEVICE_FAMILY = "1,2";
			};
			name = Debug;
		};
		E3A302322BC1A25B006995FD /* Release */ = {
			isa = XCBuildConfiguration;
			buildSettings = {
				ASSETCATALOG_COMPILER_APPICON_NAME = AppIcon;
				ASSETCATALOG_COMPILER_GLOBAL_ACCENT_COLOR_NAME = AccentColor;
				CODE_SIGN_STYLE = Automatic;
				CURRENT_PROJECT_VERSION = 1;
				GENERATE_INFOPLIST_FILE = YES;
				INFOPLIST_FILE = AluraViagens/Info.plist;
				INFOPLIST_KEY_UIApplicationSupportsIndirectInputEvents = YES;
				INFOPLIST_KEY_UILaunchStoryboardName = LaunchScreen;
				INFOPLIST_KEY_UIMainStoryboardFile = Main;
				INFOPLIST_KEY_UISupportedInterfaceOrientations_iPad = "UIInterfaceOrientationPortrait UIInterfaceOrientationPortraitUpsideDown UIInterfaceOrientationLandscapeLeft UIInterfaceOrientationLandscapeRight";
				INFOPLIST_KEY_UISupportedInterfaceOrientations_iPhone = "UIInterfaceOrientationPortrait UIInterfaceOrientationLandscapeLeft UIInterfaceOrientationLandscapeRight";
				LD_RUNPATH_SEARCH_PATHS = (
					"$(inherited)",
					"@executable_path/Frameworks",
				);
				MARKETING_VERSION = 1.0;
				PRODUCT_BUNDLE_IDENTIFIER = "Simple-Code.AluraViagens";
				PRODUCT_NAME = "$(TARGET_NAME)";
				SWIFT_EMIT_LOC_STRINGS = YES;
				SWIFT_VERSION = 5.0;
				TARGETED_DEVICE_FAMILY = "1,2";
			};
			name = Release;
		};
/* End XCBuildConfiguration section */

/* Begin XCConfigurationList section */
		E3A302172BC1A25B006995FD /* Build configuration list for PBXProject "AluraViagens" */ = {
			isa = XCConfigurationList;
			buildConfigurations = (
				E3A3022E2BC1A25B006995FD /* Debug */,
				E3A3022F2BC1A25B006995FD /* Release */,
			);
			defaultConfigurationIsVisible = 0;
			defaultConfigurationName = Release;
		};
		E3A302302BC1A25B006995FD /* Build configuration list for PBXNativeTarget "AluraViagens" */ = {
			isa = XCConfigurationList;
			buildConfigurations = (
				E3A302312BC1A25B006995FD /* Debug */,
				E3A302322BC1A25B006995FD /* Release */,
			);
			defaultConfigurationIsVisible = 0;
			defaultConfigurationName = Release;
		};
/* End XCConfigurationList section */
	};
	rootObject = E3A302142BC1A25B006995FD /* Project object */;
}
